
Microsoft Visual Studio Solution File, Format Version 12.00
# Visual Studio Version 17
VisualStudioVersion = 17.0.31903.59
MinimumVisualStudioVersion = 10.0.40219.1
Project("{2150E333-8FDC-42A3-9474-1A3956D46DE8}") = "src", "src", "{827E0CD3-B72D-47B6-A68D-7590B98EB39B}"
EndProject
Project("{FAE04EC0-301F-11D3-BF4B-00C04F79EFBC}") = "NeNep.Domain", "src\NeNep.Domain\NeNep.Domain.csproj", "{1107FA6D-09D5-41F8-904E-9A6EB0A577D4}"
EndProject
Project("{FAE04EC0-301F-11D3-BF4B-00C04F79EFBC}") = "NeNep.Scoring", "src\NeNep.Scoring\NeNep.Scoring.csproj", "{25C45808-E1DD-4A99-BBE5-D078E56FB2DA}"
EndProject
Project("{FAE04EC0-301F-11D3-BF4B-00C04F79EFBC}") = "NeNep.Infrastructure", "src\NeNep.Infrastructure\NeNep.Infrastructure.csproj", "{A5827847-5758-4C3F-85B8-83D0D2BF7336}"
EndProject
Project("{FAE04EC0-301F-11D3-BF4B-00C04F79EFBC}") = "NeNep.Api", "src\NeNep.Api\NeNep.Api.csproj", "{BB070889-0B7F-494A-AD73-8B32B1E76C01}"
EndProject
Project("{2150E333-8FDC-42A3-9474-1A3956D46DE8}") = "tests", "tests", "{0AB3BF05-4346-4AA6-1389-037BE0695223}"
EndProject
Project("{FAE04EC0-301F-11D3-BF4B-00C04F79EFBC}") = "NeNep.Scoring.Tests", "tests\NeNep.Scoring.Tests\NeNep.Scoring.Tests.csproj", "{8966F3BC-621C-4619-954D-6931CF357DAD}"
EndProject
Project("{FAE04EC0-301F-11D3-BF4B-00C04F79EFBC}") = "NeNep.Api.Tests", "tests\NeNep.Api.Tests\NeNep.Api.Tests.csproj", "{718CE0FE-278B-4B5F-A82F-EE9142734F86}"
EndProject
Global
	GlobalSection(SolutionConfigurationPlatforms) = preSolution
		Debug|Any CPU = Debug|Any CPU
		Debug|x64 = Debug|x64
		Debug|x86 = Debug|x86
		Release|Any CPU = Release|Any CPU
		Release|x64 = Release|x64
		Release|x86 = Release|x86
	EndGlobalSection
	GlobalSection(ProjectConfigurationPlatforms) = postSolution
		{1107FA6D-09D5-41F8-904E-9A6EB0A577D4}.Debug|Any CPU.ActiveCfg = Debug|Any CPU
		{1107FA6D-09D5-41F8-904E-9A6EB0A577D4}.Debug|Any CPU.Build.0 = Debug|Any CPU
		{1107FA6D-09D5-41F8-904E-9A6EB0A577D4}.Debug|x64.ActiveCfg = Debug|Any CPU
		{1107FA6D-09D5-41F8-904E-9A6EB0A577D4}.Debug|x64.Build.0 = Debug|Any CPU
		{1107FA6D-09D5-41F8-904E-9A6EB0A577D4}.Debug|x86.ActiveCfg = Debug|Any CPU
		{1107FA6D-09D5-41F8-904E-9A6EB0A577D4}.Debug|x86.Build.0 = Debug|Any CPU
		{1107FA6D-09D5-41F8-904E-9A6EB0A577D4}.Release|Any CPU.ActiveCfg = Release|Any CPU
		{1107FA6D-09D5-41F8-904E-9A6EB0A577D4}.Release|Any CPU.Build.0 = Release|Any CPU
		{1107FA6D-09D5-41F8-904E-9A6EB0A577D4}.Release|x64.ActiveCfg = Release|Any CPU
		{1107FA6D-09D5-41F8-904E-9A6EB0A577D4}.Release|x64.Build.0 = Release|Any CPU
		{1107FA6D-09D5-41F8-904E-9A6EB0A577D4}.Release|x86.ActiveCfg = Release|Any CPU
		{1107FA6D-09D5-41F8-904E-9A6EB0A577D4}.Release|x86.Build.0 = Release|Any CPU
		{25C45808-E1DD-4A99-BBE5-D078E56FB2DA}.Debug|Any CPU.ActiveCfg = Debug|Any CPU
		{25C45808-E1DD-4A99-BBE5-D078E56FB2DA}.Debug|Any CPU.Build.0 = Debug|Any CPU
		{25C45808-E1DD-4A99-BBE5-D078E56FB2DA}.Debug|x64.ActiveCfg = Debug|Any CPU
		{25C45808-E1DD-4A99-BBE5-D078E56FB2DA}.Debug|x64.Build.0 = Debug|Any CPU
		{25C45808-E1DD-4A99-BBE5-D078E56FB2DA}.Debug|x86.ActiveCfg = Debug|Any CPU
		{25C45808-E1DD-4A99-BBE5-D078E56FB2DA}.Debug|x86.Build.0 = Debug|Any CPU
		{25C45808-E1DD-4A99-BBE5-D078E56FB2DA}.Release|Any CPU.ActiveCfg = Release|Any CPU
		{25C45808-E1DD-4A99-BBE5-D078E56FB2DA}.Release|Any CPU.Build.0 = Release|Any CPU
		{25C45808-E1DD-4A99-BBE5-D078E56FB2DA}.Release|x64.ActiveCfg = Release|Any CPU
		{25C45808-E1DD-4A99-BBE5-D078E56FB2DA}.Release|x64.Build.0 = Release|Any CPU
		{25C45808-E1DD-4A99-BBE5-D078E56FB2DA}.Release|x86.ActiveCfg = Release|Any CPU
		{25C45808-E1DD-4A99-BBE5-D078E56FB2DA}.Release|x86.Build.0 = Release|Any CPU
		{A5827847-5758-4C3F-85B8-83D0D2BF7336}.Debug|Any CPU.ActiveCfg = Debug|Any CPU
		{A5827847-5758-4C3F-85B8-83D0D2BF7336}.Debug|Any CPU.Build.0 = Debug|Any CPU
		{A5827847-5758-4C3F-85B8-83D0D2BF7336}.Debug|x64.ActiveCfg = Debug|Any CPU
		{A5827847-5758-4C3F-85B8-83D0D2BF7336}.Debug|x64.Build.0 = Debug|Any CPU
		{A5827847-5758-4C3F-85B8-83D0D2BF7336}.Debug|x86.ActiveCfg = Debug|Any CPU
		{A5827847-5758-4C3F-85B8-83D0D2BF7336}.Debug|x86.Build.0 = Debug|Any CPU
		{A5827847-5758-4C3F-85B8-83D0D2BF7336}.Release|Any CPU.ActiveCfg = Release|Any CPU
		{A5827847-5758-4C3F-85B8-83D0D2BF7336}.Release|Any CPU.Build.0 = Release|Any CPU
		{A5827847-5758-4C3F-85B8-83D0D2BF7336}.Release|x64.ActiveCfg = Release|Any CPU
		{A5827847-5758-4C3F-85B8-83D0D2BF7336}.Release|x64.Build.0 = Release|Any CPU
		{A5827847-5758-4C3F-85B8-83D0D2BF7336}.Release|x86.ActiveCfg = Release|Any CPU
		{A5827847-5758-4C3F-85B8-83D0D2BF7336}.Release|x86.Build.0 = Release|Any CPU
		{BB070889-0B7F-494A-AD73-8B32B1E76C01}.Debug|Any CPU.ActiveCfg = Debug|Any CPU
		{BB070889-0B7F-494A-AD73-8B32B1E76C01}.Debug|Any CPU.Build.0 = Debug|Any CPU
		{BB070889-0B7F-494A-AD73-8B32B1E76C01}.Debug|x64.ActiveCfg = Debug|Any CPU
		{BB070889-0B7F-494A-AD73-8B32B1E76C01}.Debug|x64.Build.0 = Debug|Any CPU
		{BB070889-0B7F-494A-AD73-8B32B1E76C01}.Debug|x86.ActiveCfg = Debug|Any CPU
		{BB070889-0B7F-494A-AD73-8B32B1E76C01}.Debug|x86.Build.0 = Debug|Any CPU
		{BB070889-0B7F-494A-AD73-8B32B1E76C01}.Release|Any CPU.ActiveCfg = Release|Any CPU
		{BB070889-0B7F-494A-AD73-8B32B1E76C01}.Release|Any CPU.Build.0 = Release|Any CPU
		{BB070889-0B7F-494A-AD73-8B32B1E76C01}.Release|x64.ActiveCfg = Release|Any CPU
		{BB070889-0B7F-494A-AD73-8B32B1E76C01}.Release|x64.Build.0 = Release|Any CPU
		{BB070889-0B7F-494A-AD73-8B32B1E76C01}.Release|x86.ActiveCfg = Release|Any CPU
		{BB070889-0B7F-494A-AD73-8B32B1E76C01}.Release|x86.Build.0 = Release|Any CPU
		{8966F3BC-621C-4619-954D-6931CF357DAD}.Debug|Any CPU.ActiveCfg = Debug|Any CPU
		{8966F3BC-621C-4619-954D-6931CF357DAD}.Debug|Any CPU.Build.0 = Debug|Any CPU
		{8966F3BC-621C-4619-954D-6931CF357DAD}.Debug|x64.ActiveCfg = Debug|Any CPU
		{8966F3BC-621C-4619-954D-6931CF357DAD}.Debug|x64.Build.0 = Debug|Any CPU
		{8966F3BC-621C-4619-954D-6931CF357DAD}.Debug|x86.ActiveCfg = Debug|Any CPU
		{8966F3BC-621C-4619-954D-6931CF357DAD}.Debug|x86.Build.0 = Debug|Any CPU
		{8966F3BC-621C-4619-954D-6931CF357DAD}.Release|Any CPU.ActiveCfg = Release|Any CPU
		{8966F3BC-621C-4619-954D-6931CF357DAD}.Release|Any CPU.Build.0 = Release|Any CPU
		{8966F3BC-621C-4619-954D-6931CF357DAD}.Release|x64.ActiveCfg = Release|Any CPU
		{8966F3BC-621C-4619-954D-6931CF357DAD}.Release|x64.Build.0 = Release|Any CPU
		{8966F3BC-621C-4619-954D-6931CF357DAD}.Release|x86.ActiveCfg = Release|Any CPU
		{8966F3BC-621C-4619-954D-6931CF357DAD}.Release|x86.Build.0 = Release|Any CPU
		{718CE0FE-278B-4B5F-A82F-EE9142734F86}.Debug|Any CPU.ActiveCfg = Debug|Any CPU
		{718CE0FE-278B-4B5F-A82F-EE9142734F86}.Debug|Any CPU.Build.0 = Debug|Any CPU
		{718CE0FE-278B-4B5F-A82F-EE9142734F86}.Debug|x64.ActiveCfg = Debug|Any CPU
		{718CE0FE-278B-4B5F-A82F-EE9142734F86}.Debug|x64.Build.0 = Debug|Any CPU
		{718CE0FE-278B-4B5F-A82F-EE9142734F86}.Debug|x86.ActiveCfg = Debug|Any CPU
		{718CE0FE-278B-4B5F-A82F-EE9142734F86}.Debug|x86.Build.0 = Debug|Any CPU
		{718CE0FE-278B-4B5F-A82F-EE9142734F86}.Release|Any CPU.ActiveCfg = Release|Any CPU
		{718CE0FE-278B-4B5F-A82F-EE9142734F86}.Release|Any CPU.Build.0 = Release|Any CPU
		{718CE0FE-278B-4B5F-A82F-EE9142734F86}.Release|x64.ActiveCfg = Release|Any CPU
		{718CE0FE-278B-4B5F-A82F-EE9142734F86}.Release|x64.Build.0 = Release|Any CPU
		{718CE0FE-278B-4B5F-A82F-EE9142734F86}.Release|x86.ActiveCfg = Release|Any CPU
		{718CE0FE-278B-4B5F-A82F-EE9142734F86}.Release|x86.Build.0 = Release|Any CPU
	EndGlobalSection
	GlobalSection(SolutionProperties) = preSolution
		HideSolutionNode = FALSE
	EndGlobalSection
	GlobalSection(NestedProjects) = preSolution
		{1107FA6D-09D5-41F8-904E-9A6EB0A577D4} = {827E0CD3-B72D-47B6-A68D-7590B98EB39B}
		{25C45808-E1DD-4A99-BBE5-D078E56FB2DA} = {827E0CD3-B72D-47B6-A68D-7590B98EB39B}
		{A5827847-5758-4C3F-85B8-83D0D2BF7336} = {827E0CD3-B72D-47B6-A68D-7590B98EB39B}
		{BB070889-0B7F-494A-AD73-8B32B1E76C01} = {827E0CD3-B72D-47B6-A68D-7590B98EB39B}
		{8966F3BC-621C-4619-954D-6931CF357DAD} = {0AB3BF05-4346-4AA6-1389-037BE0695223}
		{718CE0FE-278B-4B5F-A82F-EE9142734F86} = {0AB3BF05-4346-4AA6-1389-037BE0695223}
	EndGlobalSection
EndGlobal
